
Microsoft Visual Studio Solution File, Format Version 12.00
# Visual Studio Version 17
VisualStudioVersion = 17.3.32819.101
MinimumVisualStudioVersion = 10.0.40219.1
Project("{FAE04EC0-301F-11D3-BF4B-00C04F79EFBC}") = "RabbitMQ.Publisher", "RabbitMQ.Publisher\RabbitMQ.Publisher.csproj", "{E3EBA987-F9A5-48CD-8B87-8949DF4E177B}"
EndProject
Project("{FAE04EC0-301F-11D3-BF4B-00C04F79EFBC}") = "RabbitMQ.Subscriber", "RabbitMQ.Subscriber\RabbitMQ.Subscriber.csproj", "{5C5996D7-3044-4171-94EC-92F5C0E97D79}"
EndProject
Global
	GlobalSection(SolutionConfigurationPlatforms) = preSolution
		Debug|Any CPU = Debug|Any CPU
		Release|Any CPU = Release|Any CPU
	EndGlobalSection
	GlobalSection(ProjectConfigurationPlatforms) = postSolution
		{E3EBA987-F9A5-48CD-8B87-8949DF4E177B}.Debug|Any CPU.ActiveCfg = Debug|Any CPU
		{E3EBA987-F9A5-48CD-8B87-8949DF4E177B}.Debug|Any CPU.Build.0 = Debug|Any CPU
		{E3EBA987-F9A5-48CD-8B87-8949DF4E177B}.Release|Any CPU.ActiveCfg = Release|Any CPU
		{E3EBA987-F9A5-48CD-8B87-8949DF4E177B}.Release|Any CPU.Build.0 = Release|Any CPU
		{5C5996D7-3044-4171-94EC-92F5C0E97D79}.Debug|Any CPU.ActiveCfg = Debug|Any CPU
		{5C5996D7-3044-4171-94EC-92F5C0E97D79}.Debug|Any CPU.Build.0 = Debug|Any CPU
		{5C5996D7-3044-4171-94EC-92F5C0E97D79}.Release|Any CPU.ActiveCfg = Release|Any CPU
		{5C5996D7-3044-4171-94EC-92F5C0E97D79}.Release|Any CPU.Build.0 = Release|Any CPU
	EndGlobalSection
	GlobalSection(SolutionProperties) = preSolution
		HideSolutionNode = FALSE
	EndGlobalSection
	GlobalSection(ExtensibilityGlobals) = postSolution
		SolutionGuid = {67F418A2-2502-4797-9FDD-E393A4FBEDE9}
	EndGlobalSection
EndGlobal
